
Microsoft Visual Studio Solution File, Format Version 12.00
# Visual Studio Version 17
VisualStudioVersion = 17.6.33723.286
MinimumVisualStudioVersion = 10.0.40219.1
Project("{FAE04EC0-301F-11D3-BF4B-00C04F79EFBC}") = "Telemetry", "ConsoleApp34\Telemetry.csproj", "{F76AEFF3-E7E4-4D98-B797-B779EF11EB7D}"
EndProject
Project("{FAE04EC0-301F-11D3-BF4B-00C04F79EFBC}") = "Telemetry2", "Telemetry2\Telemetry2.csproj", "{4E9B0E33-92E3-4E6C-8194-77FC16A58220}"
EndProject
Project("{FAE04EC0-301F-11D3-BF4B-00C04F79EFBC}") = "Telemetry.Demo", "Telemetry.Demo\Telemetry.Demo.csproj", "{5067751C-4E75-4DE9-A450-1D90AFE72C38}"
EndProject
Global
	GlobalSection(SolutionConfigurationPlatforms) = preSolution
		Debug|Any CPU = Debug|Any CPU
		Release|Any CPU = Release|Any CPU
	EndGlobalSection
	GlobalSection(ProjectConfigurationPlatforms) = postSolution
		{F76AEFF3-E7E4-4D98-B797-B779EF11EB7D}.Debug|Any CPU.ActiveCfg = Debug|Any CPU
		{F76AEFF3-E7E4-4D98-B797-B779EF11EB7D}.Debug|Any CPU.Build.0 = Debug|Any CPU
		{F76AEFF3-E7E4-4D98-B797-B779EF11EB7D}.Release|Any CPU.ActiveCfg = Release|Any CPU
		{F76AEFF3-E7E4-4D98-B797-B779EF11EB7D}.Release|Any CPU.Build.0 = Release|Any CPU
		{4E9B0E33-92E3-4E6C-8194-77FC16A58220}.Debug|Any CPU.ActiveCfg = Debug|Any CPU
		{4E9B0E33-92E3-4E6C-8194-77FC16A58220}.Debug|Any CPU.Build.0 = Debug|Any CPU
		{4E9B0E33-92E3-4E6C-8194-77FC16A58220}.Release|Any CPU.ActiveCfg = Release|Any CPU
		{4E9B0E33-92E3-4E6C-8194-77FC16A58220}.Release|Any CPU.Build.0 = Release|Any CPU
		{5067751C-4E75-4DE9-A450-1D90AFE72C38}.Debug|Any CPU.ActiveCfg = Debug|Any CPU
		{5067751C-4E75-4DE9-A450-1D90AFE72C38}.Debug|Any CPU.Build.0 = Debug|Any CPU
		{5067751C-4E75-4DE9-A450-1D90AFE72C38}.Release|Any CPU.ActiveCfg = Release|Any CPU
		{5067751C-4E75-4DE9-A450-1D90AFE72C38}.Release|Any CPU.Build.0 = Release|Any CPU
	EndGlobalSection
	GlobalSection(SolutionProperties) = preSolution
		HideSolutionNode = FALSE
	EndGlobalSection
	GlobalSection(ExtensibilityGlobals) = postSolution
		SolutionGuid = {1C8DEBF5-C7C3-48A6-8AEC-C18828DAECC1}
	EndGlobalSection
EndGlobal
